// !$*UTF8*$!
{
	archiveVersion = 1;
	classes = {
	};
	objectVersion = 50;
	objects = {

/* Begin PBXBuildFile section */
		5F00E801257F90380050ED1F /* AppDelegate.swift in Sources */ = {isa = PBXBuildFile; fileRef = 5F00E800257F90380050ED1F /* AppDelegate.swift */; };
		5F00E803257F90380050ED1F /* SceneDelegate.swift in Sources */ = {isa = PBXBuildFile; fileRef = 5F00E802257F90380050ED1F /* SceneDelegate.swift */; };
		5F00E808257F90380050ED1F /* Main.storyboard in Resources */ = {isa = PBXBuildFile; fileRef = 5F00E806257F90380050ED1F /* Main.storyboard */; };
		5F00E80A257F90390050ED1F /* Assets.xcassets in Resources */ = {isa = PBXBuildFile; fileRef = 5F00E809257F90390050ED1F /* Assets.xcassets */; };
		5F00E80D257F90390050ED1F /* LaunchScreen.storyboard in Resources */ = {isa = PBXBuildFile; fileRef = 5F00E80B257F90390050ED1F /* LaunchScreen.storyboard */; };
		5F00E819257F90C90050ED1F /* LoginFormViewController.swift in Sources */ = {isa = PBXBuildFile; fileRef = 5F00E818257F90C90050ED1F /* LoginFormViewController.swift */; };
/* End PBXBuildFile section */

/* Begin PBXFileReference section */
		5F00E7FD257F90380050ED1F /* Vkontakte.app */ = {isa = PBXFileReference; explicitFileType = wrapper.application; includeInIndex = 0; path = Vkontakte.app; sourceTree = BUILT_PRODUCTS_DIR; };
		5F00E800257F90380050ED1F /* AppDelegate.swift */ = {isa = PBXFileReference; lastKnownFileType = sourcecode.swift; path = AppDelegate.swift; sourceTree = "<group>"; };
		5F00E802257F90380050ED1F /* SceneDelegate.swift */ = {isa = PBXFileReference; lastKnownFileType = sourcecode.swift; path = SceneDelegate.swift; sourceTree = "<group>"; };
		5F00E807257F90380050ED1F /* Base */ = {isa = PBXFileReference; lastKnownFileType = file.storyboard; name = Base; path = Base.lproj/Main.storyboard; sourceTree = "<group>"; };
		5F00E809257F90390050ED1F /* Assets.xcassets */ = {isa = PBXFileReference; lastKnownFileType = folder.assetcatalog; path = Assets.xcassets; sourceTree = "<group>"; };
		5F00E80C257F90390050ED1F /* Base */ = {isa = PBXFileReference; lastKnownFileType = file.storyboard; name = Base; path = Base.lproj/LaunchScreen.storyboard; sourceTree = "<group>"; };
		5F00E80E257F903A0050ED1F /* Info.plist */ = {isa = PBXFileReference; lastKnownFileType = text.plist.xml; path = Info.plist; sourceTree = "<group>"; };
		5F00E818257F90C90050ED1F /* LoginFormViewController.swift */ = {isa = PBXFileReference; lastKnownFileType = sourcecode.swift; path = LoginFormViewController.swift; sourceTree = "<group>"; };
/* End PBXFileReference section */

/* Begin PBXFrameworksBuildPhase section */
		5F00E7FA257F90380050ED1F /* Frameworks */ = {
			isa = PBXFrameworksBuildPhase;
			buildActionMask = 2147483647;
			files = (
			);
			runOnlyForDeploymentPostprocessing = 0;
		};
/* End PBXFrameworksBuildPhase section */

/* Begin PBXGroup section */
		5F00E7F4257F90380050ED1F = {
			isa = PBXGroup;
			children = (
				5F00E7FF257F90380050ED1F /* Vkontakte */,
				5F00E7FE257F90380050ED1F /* Products */,
			);
			sourceTree = "<group>";
		};
		5F00E7FE257F90380050ED1F /* Products */ = {
			isa = PBXGroup;
			children = (
				5F00E7FD257F90380050ED1F /* Vkontakte.app */,
			);
			name = Products;
			sourceTree = "<group>";
		};
		5F00E7FF257F90380050ED1F /* Vkontakte */ = {
			isa = PBXGroup;
			children = (
				5F00E815257F90430050ED1F /* Controller */,
				5F00E816257F904F0050ED1F /* View */,
				5F00E817257F90550050ED1F /* Model */,
				5F00E800257F90380050ED1F /* AppDelegate.swift */,
				5F00E802257F90380050ED1F /* SceneDelegate.swift */,
				5F00E809257F90390050ED1F /* Assets.xcassets */,
				5F00E80E257F903A0050ED1F /* Info.plist */,
			);
			path = Vkontakte;
			sourceTree = "<group>";
		};
		5F00E815257F90430050ED1F /* Controller */ = {
			isa = PBXGroup;
			children = (
				5F00E818257F90C90050ED1F /* LoginFormViewController.swift */,
			);
			path = Controller;
			sourceTree = "<group>";
		};
		5F00E816257F904F0050ED1F /* View */ = {
			isa = PBXGroup;
			children = (
				5F00E806257F90380050ED1F /* Main.storyboard */,
				5F00E80B257F90390050ED1F /* LaunchScreen.storyboard */,
			);
			path = View;
			sourceTree = "<group>";
		};
		5F00E817257F90550050ED1F /* Model */ = {
			isa = PBXGroup;
			children = (
			);
			path = Model;
			sourceTree = "<group>";
		};
/* End PBXGroup section */

/* Begin PBXNativeTarget section */
		5F00E7FC257F90380050ED1F /* Vkontakte */ = {
			isa = PBXNativeTarget;
			buildConfigurationList = 5F00E811257F903A0050ED1F /* Build configuration list for PBXNativeTarget "Vkontakte" */;
			buildPhases = (
				5F00E7F9257F90380050ED1F /* Sources */,
				5F00E7FA257F90380050ED1F /* Frameworks */,
				5F00E7FB257F90380050ED1F /* Resources */,
			);
			buildRules = (
			);
			dependencies = (
			);
			name = Vkontakte;
			productName = Vkontakte;
			productReference = 5F00E7FD257F90380050ED1F /* Vkontakte.app */;
			productType = "com.apple.product-type.application";
		};
/* End PBXNativeTarget section */

/* Begin PBXProject section */
		5F00E7F5257F90380050ED1F /* Project object */ = {
			isa = PBXProject;
			attributes = {
				LastSwiftUpdateCheck = 1220;
				LastUpgradeCheck = 1220;
				TargetAttributes = {
					5F00E7FC257F90380050ED1F = {
						CreatedOnToolsVersion = 12.2;
					};
				};
			};
			buildConfigurationList = 5F00E7F8257F90380050ED1F /* Build configuration list for PBXProject "Vkontakte" */;
			compatibilityVersion = "Xcode 9.3";
			developmentRegion = en;
			hasScannedForEncodings = 0;
			knownRegions = (
				en,
				Base,
			);
			mainGroup = 5F00E7F4257F90380050ED1F;
			productRefGroup = 5F00E7FE257F90380050ED1F /* Products */;
			projectDirPath = "";
			projectRoot = "";
			targets = (
				5F00E7FC257F90380050ED1F /* Vkontakte */,
			);
		};
/* End PBXProject section */

/* Begin PBXResourcesBuildPhase section */
		5F00E7FB257F90380050ED1F /* Resources */ = {
			isa = PBXResourcesBuildPhase;
			buildActionMask = 2147483647;
			files = (
				5F00E80D257F90390050ED1F /* LaunchScreen.storyboard in Resources */,
				5F00E80A257F90390050ED1F /* Assets.xcassets in Resources */,
				5F00E808257F90380050ED1F /* Main.storyboard in Resources */,
			);
			runOnlyForDeploymentPostprocessing = 0;
		};
/* End PBXResourcesBuildPhase section */

/* Begin PBXSourcesBuildPhase section */
		5F00E7F9257F90380050ED1F /* Sources */ = {
			isa = PBXSourcesBuildPhase;
			buildActionMask = 2147483647;
			files = (
				5F00E819257F90C90050ED1F /* LoginFormViewController.swift in Sources */,
				5F00E801257F90380050ED1F /* AppDelegate.swift in Sources */,
				5F00E803257F90380050ED1F /* SceneDelegate.swift in Sources */,
			);
			runOnlyForDeploymentPostprocessing = 0;
		};
/* End PBXSourcesBuildPhase section */

/* Begin PBXVariantGroup section */
		5F00E806257F90380050ED1F /* Main.storyboard */ = {
			isa = PBXVariantGroup;
			children = (
				5F00E807257F90380050ED1F /* Base */,
			);
			name = Main.storyboard;
			sourceTree = "<group>";
		};
		5F00E80B257F90390050ED1F /* LaunchScreen.storyboard */ = {
			isa = PBXVariantGroup;
			children = (
				5F00E80C257F90390050ED1F /* Base */,
			);
			name = LaunchScreen.storyboard;
			sourceTree = "<group>";
		};
/* End PBXVariantGroup section */

/* Begin XCBuildConfiguration section */
		5F00E80F257F903A0050ED1F /* Debug */ = {
			isa = XCBuildConfiguration;
			buildSettings = {
				ALWAYS_SEARCH_USER_PATHS = NO;
				CLANG_ANALYZER_NONNULL = YES;
				CLANG_ANALYZER_NUMBER_OBJECT_CONVERSION = YES_AGGRESSIVE;
				CLANG_CXX_LANGUAGE_STANDARD = "gnu++14";
				CLANG_CXX_LIBRARY = "libc++";
				CLANG_ENABLE_MODULES = YES;
				CLANG_ENABLE_OBJC_ARC = YES;
				CLANG_ENABLE_OBJC_WEAK = YES;
				CLANG_WARN_BLOCK_CAPTURE_AUTORELEASING = YES;
				CLANG_WARN_BOOL_CONVERSION = YES;
				CLANG_WARN_COMMA = YES;
				CLANG_WARN_CONSTANT_CONVERSION = YES;
				CLANG_WARN_DEPRECATED_OBJC_IMPLEMENTATIONS = YES;
				CLANG_WARN_DIRECT_OBJC_ISA_USAGE = YES_ERROR;
				CLANG_WARN_DOCUMENTATION_COMMENTS = YES;
				CLANG_WARN_EMPTY_BODY = YES;
				CLANG_WARN_ENUM_CONVERSION = YES;
				CLANG_WARN_INFINITE_RECURSION = YES;
				CLANG_WARN_INT_CONVERSION = YES;
				CLANG_WARN_NON_LITERAL_NULL_CONVERSION = YES;
				CLANG_WARN_OBJC_IMPLICIT_RETAIN_SELF = YES;
				CLANG_WARN_OBJC_LITERAL_CONVERSION = YES;
				CLANG_WARN_OBJC_ROOT_CLASS = YES_ERROR;
				CLANG_WARN_QUOTED_INCLUDE_IN_FRAMEWORK_HEADER = YES;
				CLANG_WARN_RANGE_LOOP_ANALYSIS = YES;
				CLANG_WARN_STRICT_PROTOTYPES = YES;
				CLANG_WARN_SUSPICIOUS_MOVE = YES;
				CLANG_WARN_UNGUARDED_AVAILABILITY = YES_AGGRESSIVE;
				CLANG_WARN_UNREACHABLE_CODE = YES;
				CLANG_WARN__DUPLICATE_METHOD_MATCH = YES;
				COPY_PHASE_STRIP = NO;
				DEBUG_INFORMATION_FORMAT = dwarf;
				ENABLE_STRICT_OBJC_MSGSEND = YES;
				ENABLE_TESTABILITY = YES;
				GCC_C_LANGUAGE_STANDARD = gnu11;
				GCC_DYNAMIC_NO_PIC = NO;
				GCC_NO_COMMON_BLOCKS = YES;
				GCC_OPTIMIZATION_LEVEL = 0;
				GCC_PREPROCESSOR_DEFINITIONS = (
					"DEBUG=1",
					"$(inherited)",
				);
				GCC_WARN_64_TO_32_BIT_CONVERSION = YES;
				GCC_WARN_ABOUT_RETURN_TYPE = YES_ERROR;
				GCC_WARN_UNDECLARED_SELECTOR = YES;
				GCC_WARN_UNINITIALIZED_AUTOS = YES_AGGRESSIVE;
				GCC_WARN_UNUSED_FUNCTION = YES;
				GCC_WARN_UNUSED_VARIABLE = YES;
				IPHONEOS_DEPLOYMENT_TARGET = 14.2;
				MTL_ENABLE_DEBUG_INFO = INCLUDE_SOURCE;
				MTL_FAST_MATH = YES;
				ONLY_ACTIVE_ARCH = YES;
				SDKROOT = iphoneos;
				SWIFT_ACTIVE_COMPILATION_CONDITIONS = DEBUG;
				SWIFT_OPTIMIZATION_LEVEL = "-Onone";
			};
			name = Debug;
		};
		5F00E810257F903A0050ED1F /* Release */ = {
			isa = XCBuildConfiguration;
			buildSettings = {
				ALWAYS_SEARCH_USER_PATHS = NO;
				CLANG_ANALYZER_NONNULL = YES;
				CLANG_ANALYZER_NUMBER_OBJECT_CONVERSION = YES_AGGRESSIVE;
				CLANG_CXX_LANGUAGE_STANDARD = "gnu++14";
				CLANG_CXX_LIBRARY = "libc++";
				CLANG_ENABLE_MODULES = YES;
				CLANG_ENABLE_OBJC_ARC = YES;
				CLANG_ENABLE_OBJC_WEAK = YES;
				CLANG_WARN_BLOCK_CAPTURE_AUTORELEASING = YES;
				CLANG_WARN_BOOL_CONVERSION = YES;
				CLANG_WARN_COMMA = YES;
				CLANG_WARN_CONSTANT_CONVERSION = YES;
				CLANG_WARN_DEPRECATED_OBJC_IMPLEMENTATIONS = YES;
				CLANG_WARN_DIRECT_OBJC_ISA_USAGE = YES_ERROR;
				CLANG_WARN_DOCUMENTATION_COMMENTS = YES;
				CLANG_WARN_EMPTY_BODY = YES;
				CLANG_WARN_ENUM_CONVERSION = YES;
				CLANG_WARN_INFINITE_RECURSION = YES;
				CLANG_WARN_INT_CONVERSION = YES;
				CLANG_WARN_NON_LITERAL_NULL_CONVERSION = YES;
				CLANG_WARN_OBJC_IMPLICIT_RETAIN_SELF = YES;
				CLANG_WARN_OBJC_LITERAL_CONVERSION = YES;
				CLANG_WARN_OBJC_ROOT_CLASS = YES_ERROR;
				CLANG_WARN_QUOTED_INCLUDE_IN_FRAMEWORK_HEADER = YES;
				CLANG_WARN_RANGE_LOOP_ANALYSIS = YES;
				CLANG_WARN_STRICT_PROTOTYPES = YES;
				CLANG_WARN_SUSPICIOUS_MOVE = YES;
				CLANG_WARN_UNGUARDED_AVAILABILITY = YES_AGGRESSIVE;
				CLANG_WARN_UNREACHABLE_CODE = YES;
				CLANG_WARN__DUPLICATE_METHOD_MATCH = YES;
				COPY_PHASE_STRIP = NO;
				DEBUG_INFORMATION_FORMAT = "dwarf-with-dsym";
				ENABLE_NS_ASSERTIONS = NO;
				ENABLE_STRICT_OBJC_MSGSEND = YES;
				GCC_C_LANGUAGE_STANDARD = gnu11;
				GCC_NO_COMMON_BLOCKS = YES;
				GCC_WARN_64_TO_32_BIT_CONVERSION = YES;
				GCC_WARN_ABOUT_RETURN_TYPE = YES_ERROR;
				GCC_WARN_UNDECLARED_SELECTOR = YES;
				GCC_WARN_UNINITIALIZED_AUTOS = YES_AGGRESSIVE;
				GCC_WARN_UNUSED_FUNCTION = YES;
				GCC_WARN_UNUSED_VARIABLE = YES;
				IPHONEOS_DEPLOYMENT_TARGET = 14.2;
				MTL_ENABLE_DEBUG_INFO = NO;
				MTL_FAST_MATH = YES;
				SDKROOT = iphoneos;
				SWIFT_COMPILATION_MODE = wholemodule;
				SWIFT_OPTIMIZATION_LEVEL = "-O";
				VALIDATE_PRODUCT = YES;
			};
			name = Release;
		};
		5F00E812257F903A0050ED1F /* Debug */ = {
			isa = XCBuildConfiguration;
			buildSettings = {
				ASSETCATALOG_COMPILER_APPICON_NAME = AppIcon;
				ASSETCATALOG_COMPILER_GLOBAL_ACCENT_COLOR_NAME = AccentColor;
				CODE_SIGN_STYLE = Automatic;
				DEVELOPMENT_TEAM = 78S8C2XK8Q;
				INFOPLIST_FILE = Vkontakte/Info.plist;
				LD_RUNPATH_SEARCH_PATHS = (
					"$(inherited)",
					"@executable_path/Frameworks",
				);
				PRODUCT_BUNDLE_IDENTIFIER = com.gu.myapp.Vkontakte;
				PRODUCT_NAME = "$(TARGET_NAME)";
				SWIFT_VERSION = 5.0;
				TARGETED_DEVICE_FAMILY = "1,2";
			};
			name = Debug;
		};
		5F00E813257F903A0050ED1F /* Release */ = {
			isa = XCBuildConfiguration;
			buildSettings = {
				ASSETCATALOG_COMPILER_APPICON_NAME = AppIcon;
				ASSETCATALOG_COMPILER_GLOBAL_ACCENT_COLOR_NAME = AccentColor;
				CODE_SIGN_STYLE = Automatic;
				DEVELOPMENT_TEAM = 78S8C2XK8Q;
				INFOPLIST_FILE = Vkontakte/Info.plist;
				LD_RUNPATH_SEARCH_PATHS = (
					"$(inherited)",
					"@executable_path/Frameworks",
				);
				PRODUCT_BUNDLE_IDENTIFIER = com.gu.myapp.Vkontakte;
				PRODUCT_NAME = "$(TARGET_NAME)";
				SWIFT_VERSION = 5.0;
				TARGETED_DEVICE_FAMILY = "1,2";
			};
			name = Release;
		};
/* End XCBuildConfiguration section */

/* Begin XCConfigurationList section */
		5F00E7F8257F90380050ED1F /* Build configuration list for PBXProject "Vkontakte" */ = {
			isa = XCConfigurationList;
			buildConfigurations = (
				5F00E80F257F903A0050ED1F /* Debug */,
				5F00E810257F903A0050ED1F /* Release */,
			);
			defaultConfigurationIsVisible = 0;
			defaultConfigurationName = Release;
		};
		5F00E811257F903A0050ED1F /* Build configuration list for PBXNativeTarget "Vkontakte" */ = {
			isa = XCConfigurationList;
			buildConfigurations = (
				5F00E812257F903A0050ED1F /* Debug */,
				5F00E813257F903A0050ED1F /* Release */,
			);
			defaultConfigurationIsVisible = 0;
			defaultConfigurationName = Release;
		};
/* End XCConfigurationList section */
	};
	rootObject = 5F00E7F5257F90380050ED1F /* Project object */;
}
